
Microsoft Visual Studio Solution File, Format Version 12.00
# Visual Studio Version 17
VisualStudioVersion = 17.2.32630.192
MinimumVisualStudioVersion = 10.0.40219.1
Project("{FAE04EC0-301F-11D3-BF4B-00C04F79EFBC}") = "ERSC.WindwosApp", "ERSC.WindwosApp\ERSC.WindwosApp.csproj", "{DA0BE1B5-68F6-46A5-A2B2-FCD56F4382A7}"
EndProject
Global
	GlobalSection(SolutionConfigurationPlatforms) = preSolution
		Debug|Any CPU = Debug|Any CPU
		Release|Any CPU = Release|Any CPU
	EndGlobalSection
	GlobalSection(ProjectConfigurationPlatforms) = postSolution
		{DA0BE1B5-68F6-46A5-A2B2-FCD56F4382A7}.Debug|Any CPU.ActiveCfg = Debug|Any CPU
		{DA0BE1B5-68F6-46A5-A2B2-FCD56F4382A7}.Debug|Any CPU.Build.0 = Debug|Any CPU
		{DA0BE1B5-68F6-46A5-A2B2-FCD56F4382A7}.Release|Any CPU.ActiveCfg = Release|Any CPU
		{DA0BE1B5-68F6-46A5-A2B2-FCD56F4382A7}.Release|Any CPU.Build.0 = Release|Any CPU
	EndGlobalSection
	GlobalSection(SolutionProperties) = preSolution
		HideSolutionNode = FALSE
	EndGlobalSection
	GlobalSection(ExtensibilityGlobals) = postSolution
		SolutionGuid = {36E6B1BB-E89C-408D-8C5B-F01A5B705796}
	EndGlobalSection
EndGlobal
